<?xml version="1.0" encoding="UTF-8" standalone="yes" ?>
<CodeBlocks_project_file>
	<FileVersion major="1" minor="6" />
	<Project>
		<Option title="Fractal Generators" />
		<Option pch_mode="2" />
		<Option compiler="gcc" />
		<Build>
			<Target title="Debug">
				<Option output="bin\Debug\Fractal Generators" prefix_auto="1" extension_auto="1" />
				<Option object_output="obj\Debug\" />
				<Option type="1" />
				<Option compiler="gcc" />
				<Compiler>
					<Add option="-g" />
					<Add directory="SDL\bin" />
				</Compiler>
				<Linker>
					<Add library="mingw32" />
					<Add library="SDLmain" />
					<Add library="SDL" />
					<Add library="SDL_gfx" />
					<Add directory="SDL\lib" />
				</Linker>
			</Target>
			<Target title="Release">
				<Option output="bin\Release\Fractal Generators" prefix_auto="1" extension_auto="1" />
				<Option object_output="obj\Release\" />
				<Option type="1" />
				<Option compiler="gcc" />
				<Compiler>
					<Add option="-O2" />
				</Compiler>
				<Linker>
					<Add option="-s" />
					<Add directory="SDL\lib" />
				</Linker>
			</Target>
		</Build>
		<Compiler>
			<Add option="-Wall" />
			<Add directory="SDL\include" />
			<Add directory="gtk\include" />
		</Compiler>
		<Linker>
			<Add library="SDL" />
			<Add library="SDL_gfx" />
			<Add library="mingw32" />
			<Add directory="SDL\lib" />
			<Add directory="gtk\lib" />
		</Linker>
		<Unit filename="main.cpp" />
		<Extensions>
			<code_completion />
			<debugger />
		</Extensions>
	</Project>
</CodeBlocks_project_file>
